PODS:
  - Alamofire (5.2.2)
  - bootpay_api (3.0.0):
    - Flutter
    - SwiftyBootpay (= 3.4.2)
  - CryptoSwift (1.4.0)
  - Flutter (1.0.0)
  - JGProgressHUD (2.2)
  - ObjectMapper (4.2.0)
  - SnapKit (5.0.1)
  - SwiftOTP (3.0.0)
  - SwiftyBootpay (3.4.2):
    - Alamofire (~> 5.2.2)
    - CryptoSwift
    - JGProgressHUD
    - ObjectMapper
    - SnapKit (~> 5.0.0)
    - SwiftOTP

DEPENDENCIES:
  - bootpay_api (from `.symlinks/plugins/bootpay_api/ios`)
  - Flutter (from `Flutter`)

SPEC REPOS:
  trunk:
    - Alamofire
    - CryptoSwift
    - JGProgressHUD
    - ObjectMapper
    - SnapKit
    - SwiftOTP
    - SwiftyBootpay

EXTERNAL SOURCES:
  bootpay_api:
    :path: ".symlinks/plugins/bootpay_api/ios"
  Flutter:
    :path: Flutter

SPEC CHECKSUMS:
  Alamofire: 814429acc853c6c54ff123fc3d2ef66803823ce0
  bootpay_api: f0d60433987f686fdddf086c85d1c842eb6ae6bc
  CryptoSwift: 7cc902df1784de3b389a387756c7d710f197730c
  Flutter: 434fef37c0980e73bb6479ef766c45957d4b510c
  JGProgressHUD: d83d7a981b85d11205e19ff8ad5bb9c40571c847
  ObjectMapper: 1eb41f610210777375fa806bf161dc39fb832b81
  SnapKit: 97b92857e3df3a0c71833cce143274bf6ef8e5eb
  SwiftOTP: ec3848f12a4541f29d96f6a0fe63dcbb8448d96f
  SwiftyBootpay: 134039f53fede9e74fa507348be32285e7fc2824

PODFILE CHECKSUM: cc1f88378b4bfcf93a6ce00d2c587857c6008d3b

COCOAPODS: 1.10.1
